<?xml version="1.0" encoding="utf-8"?>
<Project ToolsVersion="4.0" xmlns="http://schemas.microsoft.com/developer/msbuild/2003">
  <ItemGroup>
    <Filter Include="File di origine">
      <UniqueIdentifier>{4FC737F1-C7A5-4376-A066-2A32D752A2FF}</UniqueIdentifier>
      <Extensions>cpp;c;cc;cxx;c++;cppm;ixx;def;odl;idl;hpj;bat;asm;asmx</Extensions>
    </Filter>
    <Filter Include="File di intestazione">
      <UniqueIdentifier>{93995380-89BD-4b04-88EB-625FBE52EBFB}</UniqueIdentifier>
      <Extensions>h;hh;hpp;hxx;h++;hm;inl;inc;ipp;xsd</Extensions>
    </Filter>
    <Filter Include="File di risorse">
      <UniqueIdentifier>{67DA6AB6-F800-4c08-8B7A-83BB121AAD01}</UniqueIdentifier>
      <Extensions>rc;ico;cur;bmp;dlg;rc2;rct;bin;rgs;gif;jpg;jpeg;jpe;resx;tiff;tif;png;wav;mfcribbon-ms</Extensions>
    </Filter>
    <Filter Include="File di intestazione\views">
      <UniqueIdentifier>{bbf3d66d-210c-48a7-af49-987c0b2c7c29}</UniqueIdentifier>
    </Filter>
    <Filter Include="File di origine\views">
      <UniqueIdentifier>{2511c713-ae55-47dd-b266-2d51d88523af}</UniqueIdentifier>
    </Filter>
    <Filter Include="File di intestazione\models">
      <UniqueIdentifier>{40997d9b-f247-4858-a9b1-ed4929de7bc2}</UniqueIdentifier>
    </Filter>
    <Filter Include="File di origine\models">
      <UniqueIdentifier>{a7b84027-9a74-49f0-9b03-a5d9ed5c8a8b}</UniqueIdentifier>
    </Filter>
  </ItemGroup>
  <ItemGroup>
    <ClInclude Include="GridGenerator.hpp">
      <Filter>File di intestazione</Filter>
    </ClInclude>
    <ClInclude Include="ImageExporter.hpp">
      <Filter>File di intestazione</Filter>
    </ClInclude>
    <ClInclude Include="miniz.h">
      <Filter>File di intestazione</Filter>
    </ClInclude>
    <ClInclude Include="PerlinNoise.hpp">
      <Filter>File di intestazione</Filter>
    </ClInclude>
    <ClInclude Include="TerrainConfig.hpp">
      <Filter>File di intestazione</Filter>
    </ClInclude>
    <ClInclude Include="TerrainGenerator.hpp">
      <Filter>File di intestazione</Filter>
    </ClInclude>
    <ClInclude Include="tinyexr.h">
      <Filter>File di intestazione</Filter>
    </ClInclude>
    <ClInclude Include="ObjExporter.hpp">
      <Filter>File di intestazione</Filter>
    </ClInclude>
    <ClInclude Include="BaseWindow.h">
      <Filter>File di intestazione\views</Filter>
    </ClInclude>
    <ClInclude Include="LoadingWindow.h">
      <Filter>File di intestazione\views</Filter>
    </ClInclude>
    <ClInclude Include="SetupWindow.h">
      <Filter>File di intestazione\views</Filter>
    </ClInclude>
    <ClInclude Include="AnchorWindow.h">
      <Filter>File di intestazione\views</Filter>
    </ClInclude>
    <ClInclude Include="BrushToolWindow.h">
      <Filter>File di intestazione\views</Filter>
    </ClInclude>
    <ClInclude Include="BrushModel.h">
      <Filter>File di intestazione\models</Filter>
    </ClInclude>
    <ClInclude Include="ViewToolWindow.h">
      <Filter>File di intestazione\views</Filter>
    </ClInclude>
    <ClInclude Include="ViewToolModel.h">
      <Filter>File di intestazione\models</Filter>
    </ClInclude>
    <ClInclude Include="BrushBrushModel.h">
      <Filter>File di intestazione\models</Filter>
    </ClInclude>
    <ClInclude Include="ErosionBrushModel.h">
      <Filter>File di intestazione\models</Filter>
    </ClInclude>
  </ItemGroup>
  <ItemGroup>
    <ClCompile Include="ImageExporter.cpp">
      <Filter>File di origine</Filter>
    </ClCompile>
    <ClCompile Include="main.cpp">
      <Filter>File di origine</Filter>
    </ClCompile>
    <ClCompile Include="miniz.c">
      <Filter>File di origine</Filter>
    </ClCompile>
    <ClCompile Include="TerrainGenerator.cpp">
      <Filter>File di origine</Filter>
    </ClCompile>
    <ClCompile Include="LoadingWindow.cpp">
      <Filter>File di origine\views</Filter>
    </ClCompile>
    <ClCompile Include="SetupWindow.cpp">
      <Filter>File di origine\views</Filter>
    </ClCompile>
    <ClCompile Include="BaseWindow.cpp">
      <Filter>File di origine\views</Filter>
    </ClCompile>
    <ClCompile Include="CentredWindow.h">
      <Filter>File di intestazione\views</Filter>
    </ClCompile>
    <ClCompile Include="CentredWindow.cpp">
      <Filter>File di origine\views</Filter>
    </ClCompile>
    <ClCompile Include="AnchorWindow.cpp">
      <Filter>File di origine\views</Filter>
    </ClCompile>
    <ClCompile Include="BrushToolWindow.cpp">
      <Filter>File di origine\views</Filter>
    </ClCompile>
    <ClCompile Include="BrushModel.cpp">
      <Filter>File di origine\models</Filter>
    </ClCompile>
    <ClCompile Include="ViewToolWindow.cpp">
      <Filter>File di origine\views</Filter>
    </ClCompile>
    <ClCompile Include="ViewToolModel.cpp">
      <Filter>File di origine\models</Filter>
    </ClCompile>
    <ClCompile Include="BrushBrushModel.cpp">
      <Filter>File di origine\models</Filter>
    </ClCompile>
    <ClCompile Include="ErosionBrushModel.cpp">
      <Filter>File di origine\models</Filter>
    </ClCompile>
  </ItemGroup>
</Project>