<?xml version="1.0" encoding="utf-8"?>
<Project ToolsVersion="4.0" xmlns="http://schemas.microsoft.com/developer/msbuild/2003">
  <ItemGroup>
    <Filter Include="File di origine">
      <UniqueIdentifier>{4FC737F1-C7A5-4376-A066-2A32D752A2FF}</UniqueIdentifier>
      <Extensions>cpp;c;cc;cxx;c++;cppm;ixx;def;odl;idl;hpj;bat;asm;asmx</Extensions>
    </Filter>
    <Filter Include="File di intestazione">
      <UniqueIdentifier>{93995380-89BD-4b04-88EB-625FBE52EBFB}</UniqueIdentifier>
      <Extensions>h;hh;hpp;hxx;h++;hm;inl;inc;ipp;xsd</Extensions>
    </Filter>
    <Filter Include="File di risorse">
      <UniqueIdentifier>{67DA6AB6-F800-4c08-8B7A-83BB121AAD01}</UniqueIdentifier>
      <Extensions>rc;ico;cur;bmp;dlg;rc2;rct;bin;rgs;gif;jpg;jpeg;jpe;resx;tiff;tif;png;wav;mfcribbon-ms</Extensions>
    </Filter>
  </ItemGroup>
  <ItemGroup>
    <ClInclude Include="GridGenerator.hpp">
      <Filter>File di intestazione</Filter>
    </ClInclude>
    <ClInclude Include="ImageExporter.hpp">
      <Filter>File di intestazione</Filter>
    </ClInclude>
    <ClInclude Include="miniz.h">
      <Filter>File di intestazione</Filter>
    </ClInclude>
    <ClInclude Include="PerlinNoise.hpp">
      <Filter>File di intestazione</Filter>
    </ClInclude>
    <ClInclude Include="TerrainConfig.hpp">
      <Filter>File di intestazione</Filter>
    </ClInclude>
    <ClInclude Include="TerrainGenerator.hpp">
      <Filter>File di intestazione</Filter>
    </ClInclude>
    <ClInclude Include="tinyexr.h">
      <Filter>File di intestazione</Filter>
    </ClInclude>
    <ClInclude Include="BaseWindow.h">
      <Filter>File di intestazione</Filter>
    </ClInclude>
    <ClInclude Include="SetupWindow.h">
      <Filter>File di intestazione</Filter>
    </ClInclude>
    <ClInclude Include="EditViewWindow.h">
      <Filter>File di intestazione</Filter>
    </ClInclude>
    <ClInclude Include="ObjExporter.hpp">
      <Filter>File di intestazione</Filter>
    </ClInclude>
    <ClInclude Include="LoadingWindow.h">
      <Filter>File di intestazione</Filter>
    </ClInclude>
  </ItemGroup>
  <ItemGroup>
    <ClCompile Include="ImageExporter.cpp">
      <Filter>File di origine</Filter>
    </ClCompile>
    <ClCompile Include="main.cpp">
      <Filter>File di origine</Filter>
    </ClCompile>
    <ClCompile Include="miniz.c">
      <Filter>File di origine</Filter>
    </ClCompile>
    <ClCompile Include="TerrainGenerator.cpp">
      <Filter>File di origine</Filter>
    </ClCompile>
    <ClCompile Include="SetupWindow.cpp">
      <Filter>File di origine</Filter>
    </ClCompile>
    <ClCompile Include="EditViewWindow.cpp">
      <Filter>File di origine</Filter>
    </ClCompile>
    <ClCompile Include="LoadingWindow.cpp">
      <Filter>File di origine</Filter>
    </ClCompile>
  </ItemGroup>
</Project>